<?xml version="1.0" encoding="utf-8"?>
<Project ToolsVersion="4.0" xmlns="http://schemas.microsoft.com/developer/msbuild/2003">
  <ItemGroup>
    <ClCompile Include="source\aboutprp.cpp">
      <Filter>Source Files</Filter>
    </ClCompile>
    <ClCompile Include="source\Encoder.cpp">
      <Filter>Source Files</Filter>
    </ClCompile>
    <ClCompile Include="source\Mpegac.cpp">
      <Filter>Source Files</Filter>
    </ClCompile>
    <ClCompile Include="source\PropPage.cpp">
      <Filter>Source Files</Filter>
    </ClCompile>
    <ClCompile Include="source\PropPage_adv.cpp">
      <Filter>Source Files</Filter>
    </ClCompile>
    <ClCompile Include="source\reg.cpp">
      <Filter>Source Files</Filter>
    </ClCompile>
  </ItemGroup>
  <ItemGroup>
    <ClInclude Include="source\resource.h">
      <Filter>Header Files</Filter>
    </ClInclude>
    <ClInclude Include="source\uids.h">
      <Filter>Header Files</Filter>
    </ClInclude>
    <ClInclude Include="source\reg.h">
      <Filter>Header Files</Filter>
    </ClInclude>
    <ClInclude Include="source\PropPage_adv.h">
      <Filter>Header Files</Filter>
    </ClInclude>
    <ClInclude Include="source\PropPage.h">
      <Filter>Header Files</Filter>
    </ClInclude>
    <ClInclude Include="source\Mpegac.h">
      <Filter>Header Files</Filter>
    </ClInclude>
    <ClInclude Include="source\iaudioprops.h">
      <Filter>Header Files</Filter>
    </ClInclude>
    <ClInclude Include="source\Encoder.h">
      <Filter>Header Files</Filter>
    </ClInclude>
    <ClInclude Include="source\aboutprp.h">
      <Filter>Header Files</Filter>
    </ClInclude>
  </ItemGroup>
  <ItemGroup>
    <Filter Include="Header Files">
      <UniqueIdentifier>{8cf9caa0-5bcc-4afe-9048-7726ec3ece55}</UniqueIdentifier>
    </Filter>
    <Filter Include="Resource Files">
      <UniqueIdentifier>{c383c9f6-bb56-4cf7-bb8c-a3cc0c69f26c}</UniqueIdentifier>
    </Filter>
    <Filter Include="Source Files">
      <UniqueIdentifier>{334fd2cc-e4a6-4600-987e-6aeeec9122e5}</UniqueIdentifier>
    </Filter>
  </ItemGroup>
  <ItemGroup>
    <ResourceCompile Include="source\LameFilter.rc">
      <Filter>Resource Files</Filter>
    </ResourceCompile>
  </ItemGroup>
  <ItemGroup>
    <None Include="source\LameFilter.def">
      <Filter>Source Files</Filter>
    </None>
  </ItemGroup>
</Project>